{
  "version": "2",
  "remote": {
    "https://deno.land/std@0.195.0/assert/assert.ts": "9a97dad6d98c238938e7540736b826440ad8c1c1e54430ca4c4e623e585607ee",
    "https://deno.land/std@0.195.0/assert/assertion_error.ts": "4d0bde9b374dfbcbe8ac23f54f567b77024fb67dbb1906a852d67fe050d42f56",
    "https://deno.land/std@0.195.0/bytes/bytes_list.ts": "31d664f4d42fa922066405d0e421c56da89d751886ee77bbe25a88bf0310c9d0",
    "https://deno.land/std@0.195.0/csv/_io.ts": "fbebd1eb6f0b4b874922a0b52d3ace8c1648084872b4a65cc7e59e0353dfdbf9",
    "https://deno.land/std@0.195.0/csv/csv_parse_stream.ts": "122840c0f83907c01cfc7d1f07ed6a5dc4e0efc9840d5acfb7bcf93b6040be3f",
    "https://deno.land/std@0.195.0/csv/csv_stringify_stream.ts": "d2bbec9bbdbf9dacab4b9f7e35d9c2b4f6b0f839d1291755702ae5f60ba3f71e",
    "https://deno.land/std@0.195.0/csv/mod.ts": "7559bf52e32848a55fb0522419167fae9b43b5a23a37d71c858dacb682726ee9",
    "https://deno.land/std@0.195.0/csv/parse.ts": "f37a3484f808d0aa16ca3baefff5ccfd02a5713d9cef30320ae8378f109c9f91",
    "https://deno.land/std@0.195.0/csv/stringify.ts": "f61627b78c1eb970e9af3b16e080a96f521021685878dad5c94d0c108fd3fdc3",
    "https://deno.land/std@0.195.0/streams/_common.ts": "f45cba84f0d813de3326466095539602364a9ba521f804cc758f7a475cda692d",
    "https://deno.land/std@0.195.0/streams/delimiter_stream.ts": "f69e849b3d1f59f02424497273f411105a6f76a9f13da92aeeb9a2d554236814",
    "https://deno.land/std@0.195.0/streams/text_delimiter_stream.ts": "20e680ab8b751390e359288ce764f9c47d164af11a263870746eeca4bc7d976b",
    "https://esm.sh/cheerio@0.22.0": "6d453e38b093e03a654830db675942c566f24cd902f01cbff9127781c58ac81a",
    "https://esm.sh/v131/boolbase@1.0.0/denonext/boolbase.mjs": "4e3bd67e9b1c5c55094eae98345d0107c6a44ef57bd3d4b9579698fa44722280",
    "https://esm.sh/v131/cheerio@0.22.0/denonext/cheerio.mjs": "a31344b7a4455603f601eb17e1a8930a0c8a0637468ed398de39c0f339947bae",
    "https://esm.sh/v131/css-select@1.2.0/denonext/css-select.mjs": "e2b31486656dbeebe2ae0184ef7d9b92acb3f629c977d3291e85e10b51badbe6",
    "https://esm.sh/v131/css-what@2.1.3/denonext/css-what.mjs": "eb76146bf34df18d60ac5381f8ba832ec4cf6c0588def4ed7721cdadf586fe6d",
    "https://esm.sh/v131/dom-serializer@0.1.1/denonext/dom-serializer.mjs": "9501516a3ba49ba3ad54d9100cf4d0d2200ba86b3c47c34d3e46d5800ad6a1d2",
    "https://esm.sh/v131/dom-serializer@0.2.2/denonext/dom-serializer.mjs": "e12e84ec3bc3467ed685f899ce8c338560a9422291d3e454e371ff93563e4b45",
    "https://esm.sh/v131/domelementtype@1.3.1/denonext/domelementtype.mjs": "ed1cfafa3facb36a845053ab521e9665824ad6bd941b5c8b278d62cd9570cd60",
    "https://esm.sh/v131/domelementtype@2.3.0/denonext/domelementtype.mjs": "371936c356d5ac797f2ce3a66b98dfc73e6fff0e095b2858b85668e6ad7d10e0",
    "https://esm.sh/v131/domhandler@2.4.2/denonext/domhandler.mjs": "2c1978f262d222ff180674b6e71bc4ae5e82382e4602c27151babd567ad425ad",
    "https://esm.sh/v131/domutils@1.5.1/denonext/domutils.mjs": "10ac5142bcc643c92a1389bdcf95e82a69a633acc2c220d15710a35bfbdaa670",
    "https://esm.sh/v131/domutils@1.7.0/denonext/domutils.mjs": "227e10d3614a74862d75a2d8edff335faf73d46ae408bc63165e3503d16014a8",
    "https://esm.sh/v131/entities@1.1.2/denonext/entities.mjs": "3588a0bbec8415ed2761b2c3691d68098fa47e459512714cf2573eb0342e931f",
    "https://esm.sh/v131/entities@1.1.2/denonext/lib/decode_codepoint.js": "75c3a26050cf743e44f90150bc0f55a6a42c40da608819ed0841c6da84362b8c",
    "https://esm.sh/v131/entities@2.2.0/denonext/entities.mjs": "af15975e7c8b5f17be658d1db80f9de7c076cb9cd53c4dcfc9dd60d460266d62",
    "https://esm.sh/v131/htmlparser2@3.10.1/denonext/htmlparser2.mjs": "0a0351e5d03e5a7f1f8273657d58bb115f218fa0e6d518210995cc1c92f6cda7",
    "https://esm.sh/v131/inherits@2.0.4/denonext/inherits.mjs": "8095f3d6aea060c904fb24ae50f2882779c0acbe5d56814514c8b5153f3b4b3b",
    "https://esm.sh/v131/lodash.assignin@4.2.0/denonext/lodash.assignin.mjs": "78d10f8ef92dab1592daa371a0040ebbde2f2642f6012f4012472e1501970dc7",
    "https://esm.sh/v131/lodash.bind@4.2.1/denonext/lodash.bind.mjs": "5acbe2ac5517c4f6584e398a2ff9d97fe7e82d5eaeba838a31d5c93206cbf1d6",
    "https://esm.sh/v131/lodash.defaults@4.2.0/denonext/lodash.defaults.mjs": "5905919ec72ebaa4b1893a7169f3a080ac96fbe72e05675934d58f698810c29d",
    "https://esm.sh/v131/lodash.filter@4.6.0/denonext/lodash.filter.mjs": "6084e5d9c3978ad18108f031e04c50a9f5b17188285002443662171333572817",
    "https://esm.sh/v131/lodash.flatten@4.4.0/denonext/lodash.flatten.mjs": "8e86ab607deea15cc3c1acfb5eae278ecbc5b80f24167b4e8f4c56df3278cd55",
    "https://esm.sh/v131/lodash.foreach@4.5.0/denonext/lodash.foreach.mjs": "8a59a35add06456ae6a4b88ecac5bf7e60ae503256e6124350204fa1965e6076",
    "https://esm.sh/v131/lodash.map@4.6.0/denonext/lodash.map.mjs": "bcaf805eb5a2dc1a992b24620fb3f8a0f5f0c89236b456d28f7b8c89fafeb8be",
    "https://esm.sh/v131/lodash.merge@4.6.2/denonext/lodash.merge.mjs": "d960a7d88ca40ddf12693a1838c9a045e196d8d448a0a3246929c4fefe9ccb78",
    "https://esm.sh/v131/lodash.pick@4.4.0/denonext/lodash.pick.mjs": "dd7aa25d73cc4c50d25c7889871b8b78b8a7017c6efd10e41d08aa9dccc6b550",
    "https://esm.sh/v131/lodash.reduce@4.6.0/denonext/lodash.reduce.mjs": "8e07309b95518706a8d4f82c1d03ae0685b71fe7340fa7322f6bf6359ef1b83a",
    "https://esm.sh/v131/lodash.reject@4.6.0/denonext/lodash.reject.mjs": "6e5d62fd3f66fd4cf4f0a9be1698bf58e3c0baa90189862a6115bc56dbfc6650",
    "https://esm.sh/v131/lodash.some@4.6.0/denonext/lodash.some.mjs": "0b35a30ddf37d343c568eedc43c0c46a6041889cbd7f7b59eb250634bec8da1f",
    "https://esm.sh/v131/nth-check@1.0.2/denonext/nth-check.mjs": "df84ea8409530d77343202ac7b44f2569fcae63f4c6f38a3b6638e347d86c411",
    "https://esm.sh/v131/readable-stream@3.6.2/denonext/readable-stream.mjs": "6d839ff306020b3a33ba1c9e46ee4f6c73a6edf453fe5c706db14a2e6ab3d987",
    "https://esm.sh/v131/util-deprecate@1.0.2/denonext/util-deprecate.mjs": "f69f67cf655c38428b0934e0f7c865c055834a87cc3866b629d6b2beb21005e9"
  }
}
